// !$*UTF8*$!
{
	archiveVersion = 1;
	classes = {
	};
	objectVersion = 50;
	objects = {

/* Begin PBXBuildFile section */
		044FA71F24EE5A8A00CEE258 /* GameViewModel.swift in Sources */ = {isa = PBXBuildFile; fileRef = 044FA71E24EE5A8A00CEE258 /* GameViewModel.swift */; };
		04870E1A24EE29AC0077462E /* AppDelegate.swift in Sources */ = {isa = PBXBuildFile; fileRef = 04870E1924EE29AC0077462E /* AppDelegate.swift */; };
		04870E1C24EE29AC0077462E /* SceneDelegate.swift in Sources */ = {isa = PBXBuildFile; fileRef = 04870E1B24EE29AC0077462E /* SceneDelegate.swift */; };
		04870E1E24EE29AC0077462E /* ContentView.swift in Sources */ = {isa = PBXBuildFile; fileRef = 04870E1D24EE29AC0077462E /* ContentView.swift */; };
		04870E2024EE29AF0077462E /* Assets.xcassets in Resources */ = {isa = PBXBuildFile; fileRef = 04870E1F24EE29AF0077462E /* Assets.xcassets */; };
		04870E2324EE29AF0077462E /* Preview Assets.xcassets in Resources */ = {isa = PBXBuildFile; fileRef = 04870E2224EE29AF0077462E /* Preview Assets.xcassets */; };
		04870E2624EE29AF0077462E /* LaunchScreen.storyboard in Resources */ = {isa = PBXBuildFile; fileRef = 04870E2424EE29AF0077462E /* LaunchScreen.storyboard */; };
		04870E2E24EE2BED0077462E /* GameView.swift in Sources */ = {isa = PBXBuildFile; fileRef = 04870E2D24EE2BED0077462E /* GameView.swift */; };
		04870E3024EE2D630077462E /* CardView.swift in Sources */ = {isa = PBXBuildFile; fileRef = 04870E2F24EE2D630077462E /* CardView.swift */; };
		04870E3424EE46620077462E /* Game.swift in Sources */ = {isa = PBXBuildFile; fileRef = 04870E3324EE46620077462E /* Game.swift */; };
		049A0AAB24F655B9004D5C72 /* Card.swift in Sources */ = {isa = PBXBuildFile; fileRef = 049A0AAA24F655B9004D5C72 /* Card.swift */; };
/* End PBXBuildFile section */

/* Begin PBXFileReference section */
		044FA71E24EE5A8A00CEE258 /* GameViewModel.swift */ = {isa = PBXFileReference; lastKnownFileType = sourcecode.swift; path = GameViewModel.swift; sourceTree = "<group>"; };
		04870E1624EE29AC0077462E /* mine-sweeping.app */ = {isa = PBXFileReference; explicitFileType = wrapper.application; includeInIndex = 0; path = "mine-sweeping.app"; sourceTree = BUILT_PRODUCTS_DIR; };
		04870E1924EE29AC0077462E /* AppDelegate.swift */ = {isa = PBXFileReference; lastKnownFileType = sourcecode.swift; path = AppDelegate.swift; sourceTree = "<group>"; };
		04870E1B24EE29AC0077462E /* SceneDelegate.swift */ = {isa = PBXFileReference; lastKnownFileType = sourcecode.swift; path = SceneDelegate.swift; sourceTree = "<group>"; };
		04870E1D24EE29AC0077462E /* ContentView.swift */ = {isa = PBXFileReference; lastKnownFileType = sourcecode.swift; path = ContentView.swift; sourceTree = "<group>"; };
		04870E1F24EE29AF0077462E /* Assets.xcassets */ = {isa = PBXFileReference; lastKnownFileType = folder.assetcatalog; path = Assets.xcassets; sourceTree = "<group>"; };
		04870E2224EE29AF0077462E /* Preview Assets.xcassets */ = {isa = PBXFileReference; lastKnownFileType = folder.assetcatalog; path = "Preview Assets.xcassets"; sourceTree = "<group>"; };
		04870E2524EE29AF0077462E /* Base */ = {isa = PBXFileReference; lastKnownFileType = file.storyboard; name = Base; path = Base.lproj/LaunchScreen.storyboard; sourceTree = "<group>"; };
		04870E2724EE29AF0077462E /* Info.plist */ = {isa = PBXFileReference; lastKnownFileType = text.plist.xml; path = Info.plist; sourceTree = "<group>"; };
		04870E2D24EE2BED0077462E /* GameView.swift */ = {isa = PBXFileReference; lastKnownFileType = sourcecode.swift; path = GameView.swift; sourceTree = "<group>"; };
		04870E2F24EE2D630077462E /* CardView.swift */ = {isa = PBXFileReference; lastKnownFileType = sourcecode.swift; path = CardView.swift; sourceTree = "<group>"; };
		04870E3324EE46620077462E /* Game.swift */ = {isa = PBXFileReference; lastKnownFileType = sourcecode.swift; path = Game.swift; sourceTree = "<group>"; };
		049A0AAA24F655B9004D5C72 /* Card.swift */ = {isa = PBXFileReference; lastKnownFileType = sourcecode.swift; path = Card.swift; sourceTree = "<group>"; };
/* End PBXFileReference section */

/* Begin PBXFrameworksBuildPhase section */
		04870E1324EE29AC0077462E /* Frameworks */ = {
			isa = PBXFrameworksBuildPhase;
			buildActionMask = 2147483647;
			files = (
			);
			runOnlyForDeploymentPostprocessing = 0;
		};
/* End PBXFrameworksBuildPhase section */

/* Begin PBXGroup section */
		04870E0D24EE29AC0077462E = {
			isa = PBXGroup;
			children = (
				04870E1824EE29AC0077462E /* mine-sweeping */,
				04870E1724EE29AC0077462E /* Products */,
			);
			sourceTree = "<group>";
		};
		04870E1724EE29AC0077462E /* Products */ = {
			isa = PBXGroup;
			children = (
				04870E1624EE29AC0077462E /* mine-sweeping.app */,
			);
			name = Products;
			sourceTree = "<group>";
		};
		04870E1824EE29AC0077462E /* mine-sweeping */ = {
			isa = PBXGroup;
			children = (
				04870E1924EE29AC0077462E /* AppDelegate.swift */,
				04870E1B24EE29AC0077462E /* SceneDelegate.swift */,
				04870E1D24EE29AC0077462E /* ContentView.swift */,
				04870E1F24EE29AF0077462E /* Assets.xcassets */,
				04870E2424EE29AF0077462E /* LaunchScreen.storyboard */,
				04870E2724EE29AF0077462E /* Info.plist */,
				049A0AAA24F655B9004D5C72 /* Card.swift */,
				04870E2F24EE2D630077462E /* CardView.swift */,
				04870E2D24EE2BED0077462E /* GameView.swift */,
				044FA71E24EE5A8A00CEE258 /* GameViewModel.swift */,
				04870E3324EE46620077462E /* Game.swift */,
				04870E2124EE29AF0077462E /* Preview Content */,
			);
			path = "mine-sweeping";
			sourceTree = "<group>";
		};
		04870E2124EE29AF0077462E /* Preview Content */ = {
			isa = PBXGroup;
			children = (
				04870E2224EE29AF0077462E /* Preview Assets.xcassets */,
			);
			path = "Preview Content";
			sourceTree = "<group>";
		};
/* End PBXGroup section */

/* Begin PBXNativeTarget section */
		04870E1524EE29AC0077462E /* mine-sweeping */ = {
			isa = PBXNativeTarget;
			buildConfigurationList = 04870E2A24EE29AF0077462E /* Build configuration list for PBXNativeTarget "mine-sweeping" */;
			buildPhases = (
				04870E1224EE29AC0077462E /* Sources */,
				04870E1324EE29AC0077462E /* Frameworks */,
				04870E1424EE29AC0077462E /* Resources */,
			);
			buildRules = (
			);
			dependencies = (
			);
			name = "mine-sweeping";
			productName = "mine-sweeping";
			productReference = 04870E1624EE29AC0077462E /* mine-sweeping.app */;
			productType = "com.apple.product-type.application";
		};
/* End PBXNativeTarget section */

/* Begin PBXProject section */
		04870E0E24EE29AC0077462E /* Project object */ = {
			isa = PBXProject;
			attributes = {
				LastSwiftUpdateCheck = 1150;
				LastUpgradeCheck = 1150;
				ORGANIZATIONNAME = rain;
				TargetAttributes = {
					04870E1524EE29AC0077462E = {
						CreatedOnToolsVersion = 11.5;
					};
				};
			};
			buildConfigurationList = 04870E1124EE29AC0077462E /* Build configuration list for PBXProject "mine-sweeping" */;
			compatibilityVersion = "Xcode 9.3";
			developmentRegion = en;
			hasScannedForEncodings = 0;
			knownRegions = (
				en,
				Base,
			);
			mainGroup = 04870E0D24EE29AC0077462E;
			productRefGroup = 04870E1724EE29AC0077462E /* Products */;
			projectDirPath = "";
			projectRoot = "";
			targets = (
				04870E1524EE29AC0077462E /* mine-sweeping */,
			);
		};
/* End PBXProject section */

/* Begin PBXResourcesBuildPhase section */
		04870E1424EE29AC0077462E /* Resources */ = {
			isa = PBXResourcesBuildPhase;
			buildActionMask = 2147483647;
			files = (
				04870E2624EE29AF0077462E /* LaunchScreen.storyboard in Resources */,
				04870E2324EE29AF0077462E /* Preview Assets.xcassets in Resources */,
				04870E2024EE29AF0077462E /* Assets.xcassets in Resources */,
			);
			runOnlyForDeploymentPostprocessing = 0;
		};
/* End PBXResourcesBuildPhase section */

/* Begin PBXSourcesBuildPhase section */
		04870E1224EE29AC0077462E /* Sources */ = {
			isa = PBXSourcesBuildPhase;
			buildActionMask = 2147483647;
			files = (
				04870E1A24EE29AC0077462E /* AppDelegate.swift in Sources */,
				04870E3424EE46620077462E /* Game.swift in Sources */,
				04870E2E24EE2BED0077462E /* GameView.swift in Sources */,
				04870E1C24EE29AC0077462E /* SceneDelegate.swift in Sources */,
				04870E1E24EE29AC0077462E /* ContentView.swift in Sources */,
				04870E3024EE2D630077462E /* CardView.swift in Sources */,
				044FA71F24EE5A8A00CEE258 /* GameViewModel.swift in Sources */,
				049A0AAB24F655B9004D5C72 /* Card.swift in Sources */,
			);
			runOnlyForDeploymentPostprocessing = 0;
		};
/* End PBXSourcesBuildPhase section */

/* Begin PBXVariantGroup section */
		04870E2424EE29AF0077462E /* LaunchScreen.storyboard */ = {
			isa = PBXVariantGroup;
			children = (
				04870E2524EE29AF0077462E /* Base */,
			);
			name = LaunchScreen.storyboard;
			sourceTree = "<group>";
		};
/* End PBXVariantGroup section */

/* Begin XCBuildConfiguration section */
		04870E2824EE29AF0077462E /* Debug */ = {
			isa = XCBuildConfiguration;
			buildSettings = {
				ALWAYS_SEARCH_USER_PATHS = NO;
				CLANG_ANALYZER_NONNULL = YES;
				CLANG_ANALYZER_NUMBER_OBJECT_CONVERSION = YES_AGGRESSIVE;
				CLANG_CXX_LANGUAGE_STANDARD = "gnu++14";
				CLANG_CXX_LIBRARY = "libc++";
				CLANG_ENABLE_MODULES = YES;
				CLANG_ENABLE_OBJC_ARC = YES;
				CLANG_ENABLE_OBJC_WEAK = YES;
				CLANG_WARN_BLOCK_CAPTURE_AUTORELEASING = YES;
				CLANG_WARN_BOOL_CONVERSION = YES;
				CLANG_WARN_COMMA = YES;
				CLANG_WARN_CONSTANT_CONVERSION = YES;
				CLANG_WARN_DEPRECATED_OBJC_IMPLEMENTATIONS = YES;
				CLANG_WARN_DIRECT_OBJC_ISA_USAGE = YES_ERROR;
				CLANG_WARN_DOCUMENTATION_COMMENTS = YES;
				CLANG_WARN_EMPTY_BODY = YES;
				CLANG_WARN_ENUM_CONVERSION = YES;
				CLANG_WARN_INFINITE_RECURSION = YES;
				CLANG_WARN_INT_CONVERSION = YES;
				CLANG_WARN_NON_LITERAL_NULL_CONVERSION = YES;
				CLANG_WARN_OBJC_IMPLICIT_RETAIN_SELF = YES;
				CLANG_WARN_OBJC_LITERAL_CONVERSION = YES;
				CLANG_WARN_OBJC_ROOT_CLASS = YES_ERROR;
				CLANG_WARN_RANGE_LOOP_ANALYSIS = YES;
				CLANG_WARN_STRICT_PROTOTYPES = YES;
				CLANG_WARN_SUSPICIOUS_MOVE = YES;
				CLANG_WARN_UNGUARDED_AVAILABILITY = YES_AGGRESSIVE;
				CLANG_WARN_UNREACHABLE_CODE = YES;
				CLANG_WARN__DUPLICATE_METHOD_MATCH = YES;
				COPY_PHASE_STRIP = NO;
				DEBUG_INFORMATION_FORMAT = dwarf;
				ENABLE_STRICT_OBJC_MSGSEND = YES;
				ENABLE_TESTABILITY = YES;
				GCC_C_LANGUAGE_STANDARD = gnu11;
				GCC_DYNAMIC_NO_PIC = NO;
				GCC_NO_COMMON_BLOCKS = YES;
				GCC_OPTIMIZATION_LEVEL = 0;
				GCC_PREPROCESSOR_DEFINITIONS = (
					"DEBUG=1",
					"$(inherited)",
				);
				GCC_WARN_64_TO_32_BIT_CONVERSION = YES;
				GCC_WARN_ABOUT_RETURN_TYPE = YES_ERROR;
				GCC_WARN_UNDECLARED_SELECTOR = YES;
				GCC_WARN_UNINITIALIZED_AUTOS = YES_AGGRESSIVE;
				GCC_WARN_UNUSED_FUNCTION = YES;
				GCC_WARN_UNUSED_VARIABLE = YES;
				IPHONEOS_DEPLOYMENT_TARGET = 13.5;
				MTL_ENABLE_DEBUG_INFO = INCLUDE_SOURCE;
				MTL_FAST_MATH = YES;
				ONLY_ACTIVE_ARCH = YES;
				SDKROOT = iphoneos;
				SWIFT_ACTIVE_COMPILATION_CONDITIONS = DEBUG;
				SWIFT_OPTIMIZATION_LEVEL = "-Onone";
			};
			name = Debug;
		};
		04870E2924EE29AF0077462E /* Release */ = {
			isa = XCBuildConfiguration;
			buildSettings = {
				ALWAYS_SEARCH_USER_PATHS = NO;
				CLANG_ANALYZER_NONNULL = YES;
				CLANG_ANALYZER_NUMBER_OBJECT_CONVERSION = YES_AGGRESSIVE;
				CLANG_CXX_LANGUAGE_STANDARD = "gnu++14";
				CLANG_CXX_LIBRARY = "libc++";
				CLANG_ENABLE_MODULES = YES;
				CLANG_ENABLE_OBJC_ARC = YES;
				CLANG_ENABLE_OBJC_WEAK = YES;
				CLANG_WARN_BLOCK_CAPTURE_AUTORELEASING = YES;
				CLANG_WARN_BOOL_CONVERSION = YES;
				CLANG_WARN_COMMA = YES;
				CLANG_WARN_CONSTANT_CONVERSION = YES;
				CLANG_WARN_DEPRECATED_OBJC_IMPLEMENTATIONS = YES;
				CLANG_WARN_DIRECT_OBJC_ISA_USAGE = YES_ERROR;
				CLANG_WARN_DOCUMENTATION_COMMENTS = YES;
				CLANG_WARN_EMPTY_BODY = YES;
				CLANG_WARN_ENUM_CONVERSION = YES;
				CLANG_WARN_INFINITE_RECURSION = YES;
				CLANG_WARN_INT_CONVERSION = YES;
				CLANG_WARN_NON_LITERAL_NULL_CONVERSION = YES;
				CLANG_WARN_OBJC_IMPLICIT_RETAIN_SELF = YES;
				CLANG_WARN_OBJC_LITERAL_CONVERSION = YES;
				CLANG_WARN_OBJC_ROOT_CLASS = YES_ERROR;
				CLANG_WARN_RANGE_LOOP_ANALYSIS = YES;
				CLANG_WARN_STRICT_PROTOTYPES = YES;
				CLANG_WARN_SUSPICIOUS_MOVE = YES;
				CLANG_WARN_UNGUARDED_AVAILABILITY = YES_AGGRESSIVE;
				CLANG_WARN_UNREACHABLE_CODE = YES;
				CLANG_WARN__DUPLICATE_METHOD_MATCH = YES;
				COPY_PHASE_STRIP = NO;
				DEBUG_INFORMATION_FORMAT = "dwarf-with-dsym";
				ENABLE_NS_ASSERTIONS = NO;
				ENABLE_STRICT_OBJC_MSGSEND = YES;
				GCC_C_LANGUAGE_STANDARD = gnu11;
				GCC_NO_COMMON_BLOCKS = YES;
				GCC_WARN_64_TO_32_BIT_CONVERSION = YES;
				GCC_WARN_ABOUT_RETURN_TYPE = YES_ERROR;
				GCC_WARN_UNDECLARED_SELECTOR = YES;
				GCC_WARN_UNINITIALIZED_AUTOS = YES_AGGRESSIVE;
				GCC_WARN_UNUSED_FUNCTION = YES;
				GCC_WARN_UNUSED_VARIABLE = YES;
				IPHONEOS_DEPLOYMENT_TARGET = 13.5;
				MTL_ENABLE_DEBUG_INFO = NO;
				MTL_FAST_MATH = YES;
				SDKROOT = iphoneos;
				SWIFT_COMPILATION_MODE = wholemodule;
				SWIFT_OPTIMIZATION_LEVEL = "-O";
				VALIDATE_PRODUCT = YES;
			};
			name = Release;
		};
		04870E2B24EE29AF0077462E /* Debug */ = {
			isa = XCBuildConfiguration;
			buildSettings = {
				ASSETCATALOG_COMPILER_APPICON_NAME = AppIcon;
				CODE_SIGN_STYLE = Automatic;
				DEVELOPMENT_ASSET_PATHS = "\"mine-sweeping/Preview Content\"";
				DEVELOPMENT_TEAM = DS2423LPY5;
				ENABLE_PREVIEWS = YES;
				INFOPLIST_FILE = "mine-sweeping/Info.plist";
				LD_RUNPATH_SEARCH_PATHS = (
					"$(inherited)",
					"@executable_path/Frameworks",
				);
				PRODUCT_BUNDLE_IDENTIFIER = "com.rain.mine-sweeping";
				PRODUCT_NAME = "$(TARGET_NAME)";
				SWIFT_VERSION = 5.0;
				TARGETED_DEVICE_FAMILY = "1,2";
			};
			name = Debug;
		};
		04870E2C24EE29AF0077462E /* Release */ = {
			isa = XCBuildConfiguration;
			buildSettings = {
				ASSETCATALOG_COMPILER_APPICON_NAME = AppIcon;
				CODE_SIGN_STYLE = Automatic;
				DEVELOPMENT_ASSET_PATHS = "\"mine-sweeping/Preview Content\"";
				DEVELOPMENT_TEAM = DS2423LPY5;
				ENABLE_PREVIEWS = YES;
				INFOPLIST_FILE = "mine-sweeping/Info.plist";
				LD_RUNPATH_SEARCH_PATHS = (
					"$(inherited)",
					"@executable_path/Frameworks",
				);
				PRODUCT_BUNDLE_IDENTIFIER = "com.rain.mine-sweeping";
				PRODUCT_NAME = "$(TARGET_NAME)";
				SWIFT_VERSION = 5.0;
				TARGETED_DEVICE_FAMILY = "1,2";
			};
			name = Release;
		};
/* End XCBuildConfiguration section */

/* Begin XCConfigurationList section */
		04870E1124EE29AC0077462E /* Build configuration list for PBXProject "mine-sweeping" */ = {
			isa = XCConfigurationList;
			buildConfigurations = (
				04870E2824EE29AF0077462E /* Debug */,
				04870E2924EE29AF0077462E /* Release */,
			);
			defaultConfigurationIsVisible = 0;
			defaultConfigurationName = Release;
		};
		04870E2A24EE29AF0077462E /* Build configuration list for PBXNativeTarget "mine-sweeping" */ = {
			isa = XCConfigurationList;
			buildConfigurations = (
				04870E2B24EE29AF0077462E /* Debug */,
				04870E2C24EE29AF0077462E /* Release */,
			);
			defaultConfigurationIsVisible = 0;
			defaultConfigurationName = Release;
		};
/* End XCConfigurationList section */
	};
	rootObject = 04870E0E24EE29AC0077462E /* Project object */;
}
